# This file is automatically @generated by Poetry 1.7.1 and should not be changed by hand.

[[package]]
name = "dynaconf"
version = "3.2.4"
description = "The dynamic configurator for your Python Project"
optional = false
python-versions = ">=3.8"
files = [
    {file = "dynaconf-3.2.4-py2.py3-none-any.whl", hash = "sha256:858f9806fab2409c4f5442614c2605d4c4071d5e5153b0e7f24a225f27465aed"},
    {file = "dynaconf-3.2.4.tar.gz", hash = "sha256:2e6adebaa587f4df9241a16a4bec3fda521154d26b15f3258fde753a592831b6"},
]

[package.extras]
all = ["configobj", "hvac", "redis", "ruamel.yaml"]
configobj = ["configobj"]
ini = ["configobj"]
redis = ["redis"]
test = ["configobj", "django", "flake8", "flake8-debugger", "flake8-print", "flake8-todo", "flask (>=0.12)", "hvac (>=1.1.0)", "pep8-naming", "pytest", "pytest-cov", "pytest-mock", "pytest-xdist", "python-dotenv", "radon", "redis", "toml"]
toml = ["toml"]
vault = ["hvac"]
yaml = ["ruamel.yaml"]

[metadata]
lock-version = "2.0"
python-versions = "^3.9"
content-hash = "22defae89082d3304432668be1fbf01cab9e7cd50baa9c4b18197038a546ac17"
